
Microsoft Visual Studio Solution File, Format Version 12.00
# Visual Studio Version 17
VisualStudioVersion = 17.7.34031.279
MinimumVisualStudioVersion = 10.0.40219.1
Project("{FAE04EC0-301F-11D3-BF4B-00C04F79EFBC}") = "Entities", "Entities\Entities.csproj", "{A3B55215-94D1-42E6-BDB2-FE1233918B44}"
EndProject
Project("{FAE04EC0-301F-11D3-BF4B-00C04F79EFBC}") = "DataAccess", "DataAccess\DataAccess.csproj", "{36C12D77-ED81-463C-8952-6F5DA26328CD}"
EndProject
Project("{FAE04EC0-301F-11D3-BF4B-00C04F79EFBC}") = "Common", "Common\Common.csproj", "{DC57B5E0-3287-401F-9DC0-3F30CC25FED8}"
EndProject
Project("{FAE04EC0-301F-11D3-BF4B-00C04F79EFBC}") = "Core", "Core\Core.csproj", "{F375B0E1-78CB-4537-9510-C93FFB7FB5E2}"
EndProject
Project("{FAE04EC0-301F-11D3-BF4B-00C04F79EFBC}") = "Business", "Business\Business.csproj", "{B1EDB959-EEEC-493A-9A28-CBF8D38E5AD5}"
EndProject
Project("{FAE04EC0-301F-11D3-BF4B-00C04F79EFBC}") = "Logging", "Logging\Logging.csproj", "{4FDA2950-BC21-47BE-A974-4CBD75A74063}"
EndProject
Project("{FAE04EC0-301F-11D3-BF4B-00C04F79EFBC}") = "Application", "Application\Application.csproj", "{8DE146CD-EDF0-4924-870F-CB4191A03EC1}"
EndProject
Global
	GlobalSection(SolutionConfigurationPlatforms) = preSolution
		Debug|Any CPU = Debug|Any CPU
		Release|Any CPU = Release|Any CPU
	EndGlobalSection
	GlobalSection(ProjectConfigurationPlatforms) = postSolution
		{A3B55215-94D1-42E6-BDB2-FE1233918B44}.Debug|Any CPU.ActiveCfg = Debug|Any CPU
		{A3B55215-94D1-42E6-BDB2-FE1233918B44}.Debug|Any CPU.Build.0 = Debug|Any CPU
		{A3B55215-94D1-42E6-BDB2-FE1233918B44}.Release|Any CPU.ActiveCfg = Release|Any CPU
		{A3B55215-94D1-42E6-BDB2-FE1233918B44}.Release|Any CPU.Build.0 = Release|Any CPU
		{36C12D77-ED81-463C-8952-6F5DA26328CD}.Debug|Any CPU.ActiveCfg = Debug|Any CPU
		{36C12D77-ED81-463C-8952-6F5DA26328CD}.Debug|Any CPU.Build.0 = Debug|Any CPU
		{36C12D77-ED81-463C-8952-6F5DA26328CD}.Release|Any CPU.ActiveCfg = Release|Any CPU
		{36C12D77-ED81-463C-8952-6F5DA26328CD}.Release|Any CPU.Build.0 = Release|Any CPU
		{DC57B5E0-3287-401F-9DC0-3F30CC25FED8}.Debug|Any CPU.ActiveCfg = Debug|Any CPU
		{DC57B5E0-3287-401F-9DC0-3F30CC25FED8}.Debug|Any CPU.Build.0 = Debug|Any CPU
		{DC57B5E0-3287-401F-9DC0-3F30CC25FED8}.Release|Any CPU.ActiveCfg = Release|Any CPU
		{DC57B5E0-3287-401F-9DC0-3F30CC25FED8}.Release|Any CPU.Build.0 = Release|Any CPU
		{F375B0E1-78CB-4537-9510-C93FFB7FB5E2}.Debug|Any CPU.ActiveCfg = Debug|Any CPU
		{F375B0E1-78CB-4537-9510-C93FFB7FB5E2}.Debug|Any CPU.Build.0 = Debug|Any CPU
		{F375B0E1-78CB-4537-9510-C93FFB7FB5E2}.Release|Any CPU.ActiveCfg = Release|Any CPU
		{F375B0E1-78CB-4537-9510-C93FFB7FB5E2}.Release|Any CPU.Build.0 = Release|Any CPU
		{B1EDB959-EEEC-493A-9A28-CBF8D38E5AD5}.Debug|Any CPU.ActiveCfg = Debug|Any CPU
		{B1EDB959-EEEC-493A-9A28-CBF8D38E5AD5}.Debug|Any CPU.Build.0 = Debug|Any CPU
		{B1EDB959-EEEC-493A-9A28-CBF8D38E5AD5}.Release|Any CPU.ActiveCfg = Release|Any CPU
		{B1EDB959-EEEC-493A-9A28-CBF8D38E5AD5}.Release|Any CPU.Build.0 = Release|Any CPU
		{4FDA2950-BC21-47BE-A974-4CBD75A74063}.Debug|Any CPU.ActiveCfg = Debug|Any CPU
		{4FDA2950-BC21-47BE-A974-4CBD75A74063}.Debug|Any CPU.Build.0 = Debug|Any CPU
		{4FDA2950-BC21-47BE-A974-4CBD75A74063}.Release|Any CPU.ActiveCfg = Release|Any CPU
		{4FDA2950-BC21-47BE-A974-4CBD75A74063}.Release|Any CPU.Build.0 = Release|Any CPU
		{8DE146CD-EDF0-4924-870F-CB4191A03EC1}.Debug|Any CPU.ActiveCfg = Debug|Any CPU
		{8DE146CD-EDF0-4924-870F-CB4191A03EC1}.Debug|Any CPU.Build.0 = Debug|Any CPU
		{8DE146CD-EDF0-4924-870F-CB4191A03EC1}.Release|Any CPU.ActiveCfg = Release|Any CPU
		{8DE146CD-EDF0-4924-870F-CB4191A03EC1}.Release|Any CPU.Build.0 = Release|Any CPU
	EndGlobalSection
	GlobalSection(SolutionProperties) = preSolution
		HideSolutionNode = FALSE
	EndGlobalSection
	GlobalSection(ExtensibilityGlobals) = postSolution
		SolutionGuid = {24949178-AC7D-4846-8427-394433384A55}
	EndGlobalSection
EndGlobal
